
Microsoft Visual Studio Solution File, Format Version 12.00
# Visual Studio Version 18
VisualStudioVersion = 18.6.11822.322 stable
MinimumVisualStudioVersion = 10.0.40219.1
Project("{FAE04EC0-301F-11D3-BF4B-00C04F79EFBC}") = "DVLD Management System", "DVLD Management System\DVLD Management System.csproj", "{BF8F16E5-89D6-462A-8C27-72E3F53DC95B}"
EndProject
Global
	GlobalSection(SolutionConfigurationPlatforms) = preSolution
		Debug|Any CPU = Debug|Any CPU
		Debug|x64 = Debug|x64
		Release|Any CPU = Release|Any CPU
		Release|x64 = Release|x64
	EndGlobalSection
	GlobalSection(ProjectConfigurationPlatforms) = postSolution
		{BF8F16E5-89D6-462A-8C27-72E3F53DC95B}.Debug|Any CPU.ActiveCfg = Debug|Any CPU
		{BF8F16E5-89D6-462A-8C27-72E3F53DC95B}.Debug|Any CPU.Build.0 = Debug|Any CPU
		{BF8F16E5-89D6-462A-8C27-72E3F53DC95B}.Debug|x64.ActiveCfg = Debug|x64
		{BF8F16E5-89D6-462A-8C27-72E3F53DC95B}.Debug|x64.Build.0 = Debug|x64
		{BF8F16E5-89D6-462A-8C27-72E3F53DC95B}.Release|Any CPU.ActiveCfg = Release|Any CPU
		{BF8F16E5-89D6-462A-8C27-72E3F53DC95B}.Release|Any CPU.Build.0 = Release|Any CPU
		{BF8F16E5-89D6-462A-8C27-72E3F53DC95B}.Release|x64.ActiveCfg = Release|x64
		{BF8F16E5-89D6-462A-8C27-72E3F53DC95B}.Release|x64.Build.0 = Release|x64
	EndGlobalSection
	GlobalSection(SolutionProperties) = preSolution
		HideSolutionNode = FALSE
	EndGlobalSection
	GlobalSection(ExtensibilityGlobals) = postSolution
		SolutionGuid = {E9EB1DB4-BAE9-4A5F-9592-E6E01FB34D71}
	EndGlobalSection
EndGlobal
